
Microsoft Visual Studio Solution File, Format Version 12.00
# Visual Studio Version 16
VisualStudioVersion = 16.0.31624.102
MinimumVisualStudioVersion = 10.0.40219.1
Project("{9A19103F-16F7-4668-BE54-9A1E7A4F7556}") = "Bowling_Ball_Score_problem", "Bowling_Ball_Score_problem\Bowling_Ball_Score_problem.csproj", "{F74C4BF7-ED4D-4786-AC20-256028A32C87}"
EndProject
Project("{FAE04EC0-301F-11D3-BF4B-00C04F79EFBC}") = "Bowling_Ball_Score_problem.Tests", "Bowling_Ball_Score_problem.Tests\Bowling_Ball_Score_problem.Tests.csproj", "{AB9F46DA-6FC1-4035-9662-2453D595F11C}"
EndProject
Global
	GlobalSection(SolutionConfigurationPlatforms) = preSolution
		Debug|Any CPU = Debug|Any CPU
		Release|Any CPU = Release|Any CPU
	EndGlobalSection
	GlobalSection(ProjectConfigurationPlatforms) = postSolution
		{F74C4BF7-ED4D-4786-AC20-256028A32C87}.Debug|Any CPU.ActiveCfg = Debug|Any CPU
		{F74C4BF7-ED4D-4786-AC20-256028A32C87}.Debug|Any CPU.Build.0 = Debug|Any CPU
		{F74C4BF7-ED4D-4786-AC20-256028A32C87}.Release|Any CPU.ActiveCfg = Release|Any CPU
		{F74C4BF7-ED4D-4786-AC20-256028A32C87}.Release|Any CPU.Build.0 = Release|Any CPU
		{AB9F46DA-6FC1-4035-9662-2453D595F11C}.Debug|Any CPU.ActiveCfg = Debug|Any CPU
		{AB9F46DA-6FC1-4035-9662-2453D595F11C}.Debug|Any CPU.Build.0 = Debug|Any CPU
		{AB9F46DA-6FC1-4035-9662-2453D595F11C}.Release|Any CPU.ActiveCfg = Release|Any CPU
		{AB9F46DA-6FC1-4035-9662-2453D595F11C}.Release|Any CPU.Build.0 = Release|Any CPU
	EndGlobalSection
	GlobalSection(SolutionProperties) = preSolution
		HideSolutionNode = FALSE
	EndGlobalSection
	GlobalSection(ExtensibilityGlobals) = postSolution
		SolutionGuid = {EAD331D1-206E-4B85-8EDF-8CD8194276C1}
	EndGlobalSection
EndGlobal
